
Microsoft Visual Studio Solution File, Format Version 12.00
# Visual Studio 2013
VisualStudioVersion = 12.0.21005.1
MinimumVisualStudioVersion = 10.0.40219.1
Project("{FAE04EC0-301F-11D3-BF4B-00C04F79EFBC}") = "Keno", "Keno\Keno.csproj", "{DC76B57F-9197-466E-A0FC-F4A3D91B453F}"
EndProject
Project("{FAE04EC0-301F-11D3-BF4B-00C04F79EFBC}") = "Keno.Repository", "Keno.Repository\Keno.Repository.csproj", "{1E7031E6-89E2-480D-87D6-D10E7F107A93}"
EndProject
Project("{FAE04EC0-301F-11D3-BF4B-00C04F79EFBC}") = "Keno.Model", "Keno.Model\Keno.Model.csproj", "{EBF0D7EE-B4B7-4B23-93B8-657791E891CA}"
EndProject
Global
	GlobalSection(SolutionConfigurationPlatforms) = preSolution
		Debug|Any CPU = Debug|Any CPU
		Release|Any CPU = Release|Any CPU
	EndGlobalSection
	GlobalSection(ProjectConfigurationPlatforms) = postSolution
		{DC76B57F-9197-466E-A0FC-F4A3D91B453F}.Debug|Any CPU.ActiveCfg = Debug|Any CPU
		{DC76B57F-9197-466E-A0FC-F4A3D91B453F}.Debug|Any CPU.Build.0 = Debug|Any CPU
		{DC76B57F-9197-466E-A0FC-F4A3D91B453F}.Release|Any CPU.ActiveCfg = Release|Any CPU
		{DC76B57F-9197-466E-A0FC-F4A3D91B453F}.Release|Any CPU.Build.0 = Release|Any CPU
		{1E7031E6-89E2-480D-87D6-D10E7F107A93}.Debug|Any CPU.ActiveCfg = Debug|Any CPU
		{1E7031E6-89E2-480D-87D6-D10E7F107A93}.Debug|Any CPU.Build.0 = Debug|Any CPU
		{1E7031E6-89E2-480D-87D6-D10E7F107A93}.Release|Any CPU.ActiveCfg = Release|Any CPU
		{1E7031E6-89E2-480D-87D6-D10E7F107A93}.Release|Any CPU.Build.0 = Release|Any CPU
		{EBF0D7EE-B4B7-4B23-93B8-657791E891CA}.Debug|Any CPU.ActiveCfg = Debug|Any CPU
		{EBF0D7EE-B4B7-4B23-93B8-657791E891CA}.Debug|Any CPU.Build.0 = Debug|Any CPU
		{EBF0D7EE-B4B7-4B23-93B8-657791E891CA}.Release|Any CPU.ActiveCfg = Release|Any CPU
		{EBF0D7EE-B4B7-4B23-93B8-657791E891CA}.Release|Any CPU.Build.0 = Release|Any CPU
	EndGlobalSection
	GlobalSection(SolutionProperties) = preSolution
		HideSolutionNode = FALSE
	EndGlobalSection
EndGlobal
